
Microsoft Visual Studio Solution File, Format Version 12.00
# Visual Studio 15
VisualStudioVersion = 15.0.28307.1062
MinimumVisualStudioVersion = 10.0.40219.1
Project("{FAE04EC0-301F-11D3-BF4B-00C04F79EFBC}") = "AssemblyBrowser", "AssemblyBrowser\AssemblyBrowser.csproj", "{5BEB2C4F-D537-4F6F-981C-1D764D5280F2}"
EndProject
Project("{FAE04EC0-301F-11D3-BF4B-00C04F79EFBC}") = "AssemblyBrowserGUI", "AssemblyBrowserGUI\AssemblyBrowserGUI.csproj", "{5330A85E-94D5-4FF0-B62C-F85A989E7696}"
EndProject
Global
	GlobalSection(SolutionConfigurationPlatforms) = preSolution
		Debug|Any CPU = Debug|Any CPU
		Release|Any CPU = Release|Any CPU
	EndGlobalSection
	GlobalSection(ProjectConfigurationPlatforms) = postSolution
		{5BEB2C4F-D537-4F6F-981C-1D764D5280F2}.Debug|Any CPU.ActiveCfg = Debug|Any CPU
		{5BEB2C4F-D537-4F6F-981C-1D764D5280F2}.Debug|Any CPU.Build.0 = Debug|Any CPU
		{5BEB2C4F-D537-4F6F-981C-1D764D5280F2}.Release|Any CPU.ActiveCfg = Release|Any CPU
		{5BEB2C4F-D537-4F6F-981C-1D764D5280F2}.Release|Any CPU.Build.0 = Release|Any CPU
		{5330A85E-94D5-4FF0-B62C-F85A989E7696}.Debug|Any CPU.ActiveCfg = Debug|Any CPU
		{5330A85E-94D5-4FF0-B62C-F85A989E7696}.Debug|Any CPU.Build.0 = Debug|Any CPU
		{5330A85E-94D5-4FF0-B62C-F85A989E7696}.Release|Any CPU.ActiveCfg = Release|Any CPU
		{5330A85E-94D5-4FF0-B62C-F85A989E7696}.Release|Any CPU.Build.0 = Release|Any CPU
	EndGlobalSection
	GlobalSection(SolutionProperties) = preSolution
		HideSolutionNode = FALSE
	EndGlobalSection
	GlobalSection(ExtensibilityGlobals) = postSolution
		SolutionGuid = {06833463-13C3-4872-944B-FC96B92BB4FB}
	EndGlobalSection
EndGlobal
